
Microsoft Visual Studio Solution File, Format Version 12.00
# Visual Studio Version 17
VisualStudioVersion = 17.4.33205.214
MinimumVisualStudioVersion = 10.0.40219.1
Project("{9A19103F-16F7-4668-BE54-9A1E7A4F7556}") = "WindowsApp", "WindowsApp\WindowsApp.csproj", "{2837EA56-775E-4A58-95A7-1A10BB4983D3}"
EndProject
Project("{FAE04EC0-301F-11D3-BF4B-00C04F79EFBC}") = "Negocio", "ClassLibrary1\Negocio.csproj", "{7612BD9B-5554-4B7A-A744-540EAF1ACF37}"
EndProject
Project("{FAE04EC0-301F-11D3-BF4B-00C04F79EFBC}") = "Entidades", "Entidade\Entidades.csproj", "{05ED462A-220D-43E1-BF67-05DF55CDF132}"
EndProject
Global
	GlobalSection(SolutionConfigurationPlatforms) = preSolution
		Debug|Any CPU = Debug|Any CPU
		Release|Any CPU = Release|Any CPU
	EndGlobalSection
	GlobalSection(ProjectConfigurationPlatforms) = postSolution
		{2837EA56-775E-4A58-95A7-1A10BB4983D3}.Debug|Any CPU.ActiveCfg = Debug|Any CPU
		{2837EA56-775E-4A58-95A7-1A10BB4983D3}.Debug|Any CPU.Build.0 = Debug|Any CPU
		{2837EA56-775E-4A58-95A7-1A10BB4983D3}.Release|Any CPU.ActiveCfg = Release|Any CPU
		{2837EA56-775E-4A58-95A7-1A10BB4983D3}.Release|Any CPU.Build.0 = Release|Any CPU
		{7612BD9B-5554-4B7A-A744-540EAF1ACF37}.Debug|Any CPU.ActiveCfg = Debug|Any CPU
		{7612BD9B-5554-4B7A-A744-540EAF1ACF37}.Debug|Any CPU.Build.0 = Debug|Any CPU
		{7612BD9B-5554-4B7A-A744-540EAF1ACF37}.Release|Any CPU.ActiveCfg = Release|Any CPU
		{7612BD9B-5554-4B7A-A744-540EAF1ACF37}.Release|Any CPU.Build.0 = Release|Any CPU
		{05ED462A-220D-43E1-BF67-05DF55CDF132}.Debug|Any CPU.ActiveCfg = Debug|Any CPU
		{05ED462A-220D-43E1-BF67-05DF55CDF132}.Debug|Any CPU.Build.0 = Debug|Any CPU
		{05ED462A-220D-43E1-BF67-05DF55CDF132}.Release|Any CPU.ActiveCfg = Release|Any CPU
		{05ED462A-220D-43E1-BF67-05DF55CDF132}.Release|Any CPU.Build.0 = Release|Any CPU
	EndGlobalSection
	GlobalSection(SolutionProperties) = preSolution
		HideSolutionNode = FALSE
	EndGlobalSection
	GlobalSection(ExtensibilityGlobals) = postSolution
		SolutionGuid = {E42CEC15-6CDB-4F5E-B147-B0E5C3D27266}
	EndGlobalSection
EndGlobal
